
Microsoft Visual Studio Solution File, Format Version 12.00
# Visual Studio 15
VisualStudioVersion = 15.0.28010.2050
MinimumVisualStudioVersion = 10.0.40219.1
Project("{FAE04EC0-301F-11D3-BF4B-00C04F79EFBC}") = "Events", "Events\Events.csproj", "{D631AB24-FFE7-495B-A489-FC22AFF244D6}"
EndProject
Project("{E53339B2-1760-4266-BCC7-CA923CBCF16C}") = "docker-compose", "docker-compose.dcproj", "{2EA5C1C3-4C75-48A4-A635-860D71A50F00}"
EndProject
Global
	GlobalSection(SolutionConfigurationPlatforms) = preSolution
		Debug|Any CPU = Debug|Any CPU
		Release|Any CPU = Release|Any CPU
	EndGlobalSection
	GlobalSection(ProjectConfigurationPlatforms) = postSolution
		{D631AB24-FFE7-495B-A489-FC22AFF244D6}.Debug|Any CPU.ActiveCfg = Debug|Any CPU
		{D631AB24-FFE7-495B-A489-FC22AFF244D6}.Debug|Any CPU.Build.0 = Debug|Any CPU
		{D631AB24-FFE7-495B-A489-FC22AFF244D6}.Release|Any CPU.ActiveCfg = Release|Any CPU
		{D631AB24-FFE7-495B-A489-FC22AFF244D6}.Release|Any CPU.Build.0 = Release|Any CPU
		{2EA5C1C3-4C75-48A4-A635-860D71A50F00}.Debug|Any CPU.ActiveCfg = Debug|Any CPU
		{2EA5C1C3-4C75-48A4-A635-860D71A50F00}.Debug|Any CPU.Build.0 = Debug|Any CPU
		{2EA5C1C3-4C75-48A4-A635-860D71A50F00}.Release|Any CPU.ActiveCfg = Release|Any CPU
		{2EA5C1C3-4C75-48A4-A635-860D71A50F00}.Release|Any CPU.Build.0 = Release|Any CPU
	EndGlobalSection
	GlobalSection(SolutionProperties) = preSolution
		HideSolutionNode = FALSE
	EndGlobalSection
	GlobalSection(ExtensibilityGlobals) = postSolution
		SolutionGuid = {7B20BAF1-BFBA-4E91-9AD9-76DED211AFCF}
	EndGlobalSection
EndGlobal
